
Microsoft Visual Studio Solution File, Format Version 12.00
# Visual Studio Version 17
VisualStudioVersion = 17.4.33205.214
MinimumVisualStudioVersion = 10.0.40219.1
Project("{FAE04EC0-301F-11D3-BF4B-00C04F79EFBC}") = "WinBlur", "AcrylicBlurWindows11\WinBlur.csproj", "{81F7087C-D91A-4C66-ADCD-A473F307ED37}"
EndProject
Project("{FAE04EC0-301F-11D3-BF4B-00C04F79EFBC}") = "WinBlurTest", "WinBlurTest\WinBlurTest.csproj", "{28F336DF-9CDC-4012-9335-8505D24069F5}"
EndProject
Global
	GlobalSection(SolutionConfigurationPlatforms) = preSolution
		Debug|Any CPU = Debug|Any CPU
		Release|Any CPU = Release|Any CPU
	EndGlobalSection
	GlobalSection(ProjectConfigurationPlatforms) = postSolution
		{81F7087C-D91A-4C66-ADCD-A473F307ED37}.Debug|Any CPU.ActiveCfg = Debug|Any CPU
		{81F7087C-D91A-4C66-ADCD-A473F307ED37}.Debug|Any CPU.Build.0 = Debug|Any CPU
		{81F7087C-D91A-4C66-ADCD-A473F307ED37}.Release|Any CPU.ActiveCfg = Release|Any CPU
		{81F7087C-D91A-4C66-ADCD-A473F307ED37}.Release|Any CPU.Build.0 = Release|Any CPU
		{28F336DF-9CDC-4012-9335-8505D24069F5}.Debug|Any CPU.ActiveCfg = Debug|Any CPU
		{28F336DF-9CDC-4012-9335-8505D24069F5}.Debug|Any CPU.Build.0 = Debug|Any CPU
		{28F336DF-9CDC-4012-9335-8505D24069F5}.Release|Any CPU.ActiveCfg = Release|Any CPU
		{28F336DF-9CDC-4012-9335-8505D24069F5}.Release|Any CPU.Build.0 = Release|Any CPU
	EndGlobalSection
	GlobalSection(SolutionProperties) = preSolution
		HideSolutionNode = FALSE
	EndGlobalSection
	GlobalSection(ExtensibilityGlobals) = postSolution
		SolutionGuid = {8529E752-ADFD-495B-9E0B-631993EE7E56}
	EndGlobalSection
EndGlobal
